
Microsoft Visual Studio Solution File, Format Version 12.00
# Visual Studio Version 17
VisualStudioVersion = 17.10.35027.167
MinimumVisualStudioVersion = 10.0.40219.1
Project("{FAE04EC0-301F-11D3-BF4B-00C04F79EFBC}") = "FoodDeliveryClient", "ConsoleApp1\FoodDeliveryClient.csproj", "{43223FD6-ED89-4FE8-ABCC-F298C24A4249}"
EndProject
Project("{FAE04EC0-301F-11D3-BF4B-00C04F79EFBC}") = "FoodDeliveryServices", "FoodDeliveryServices\FoodDeliveryServices.csproj", "{56ADFF15-1B92-45B6-8726-C62E0650C9D6}"
EndProject
Project("{FAE04EC0-301F-11D3-BF4B-00C04F79EFBC}") = "FoodDeliveryModels", "FoodDeliveryModels\FoodDeliveryModels.csproj", "{19E9C93F-5022-4867-AC4B-D64CD6670C68}"
EndProject
Project("{FAE04EC0-301F-11D3-BF4B-00C04F79EFBC}") = "FoodDeliveryData", "FoodDeliveryData\FoodDeliveryData.csproj", "{3B7AE482-7DA2-4BBD-BAD6-453B0C025328}"
EndProject
Project("{FAE04EC0-301F-11D3-BF4B-00C04F79EFBC}") = "FoodDeliveryAPI.Controllers", "AccountManagement.API.Controllers\FoodDeliveryAPI.Controllers.csproj", "{BF71DF9D-DE5F-4C98-9FF0-C14D372E98CA}"
EndProject
Global
	GlobalSection(SolutionConfigurationPlatforms) = preSolution
		Debug|Any CPU = Debug|Any CPU
		Release|Any CPU = Release|Any CPU
	EndGlobalSection
	GlobalSection(ProjectConfigurationPlatforms) = postSolution
		{43223FD6-ED89-4FE8-ABCC-F298C24A4249}.Debug|Any CPU.ActiveCfg = Debug|Any CPU
		{43223FD6-ED89-4FE8-ABCC-F298C24A4249}.Debug|Any CPU.Build.0 = Debug|Any CPU
		{43223FD6-ED89-4FE8-ABCC-F298C24A4249}.Release|Any CPU.ActiveCfg = Release|Any CPU
		{43223FD6-ED89-4FE8-ABCC-F298C24A4249}.Release|Any CPU.Build.0 = Release|Any CPU
		{56ADFF15-1B92-45B6-8726-C62E0650C9D6}.Debug|Any CPU.ActiveCfg = Debug|Any CPU
		{56ADFF15-1B92-45B6-8726-C62E0650C9D6}.Debug|Any CPU.Build.0 = Debug|Any CPU
		{56ADFF15-1B92-45B6-8726-C62E0650C9D6}.Release|Any CPU.ActiveCfg = Release|Any CPU
		{56ADFF15-1B92-45B6-8726-C62E0650C9D6}.Release|Any CPU.Build.0 = Release|Any CPU
		{19E9C93F-5022-4867-AC4B-D64CD6670C68}.Debug|Any CPU.ActiveCfg = Debug|Any CPU
		{19E9C93F-5022-4867-AC4B-D64CD6670C68}.Debug|Any CPU.Build.0 = Debug|Any CPU
		{19E9C93F-5022-4867-AC4B-D64CD6670C68}.Release|Any CPU.ActiveCfg = Release|Any CPU
		{19E9C93F-5022-4867-AC4B-D64CD6670C68}.Release|Any CPU.Build.0 = Release|Any CPU
		{3B7AE482-7DA2-4BBD-BAD6-453B0C025328}.Debug|Any CPU.ActiveCfg = Debug|Any CPU
		{3B7AE482-7DA2-4BBD-BAD6-453B0C025328}.Debug|Any CPU.Build.0 = Debug|Any CPU
		{3B7AE482-7DA2-4BBD-BAD6-453B0C025328}.Release|Any CPU.ActiveCfg = Release|Any CPU
		{3B7AE482-7DA2-4BBD-BAD6-453B0C025328}.Release|Any CPU.Build.0 = Release|Any CPU
		{BF71DF9D-DE5F-4C98-9FF0-C14D372E98CA}.Debug|Any CPU.ActiveCfg = Debug|Any CPU
		{BF71DF9D-DE5F-4C98-9FF0-C14D372E98CA}.Debug|Any CPU.Build.0 = Debug|Any CPU
		{BF71DF9D-DE5F-4C98-9FF0-C14D372E98CA}.Release|Any CPU.ActiveCfg = Release|Any CPU
		{BF71DF9D-DE5F-4C98-9FF0-C14D372E98CA}.Release|Any CPU.Build.0 = Release|Any CPU
	EndGlobalSection
	GlobalSection(SolutionProperties) = preSolution
		HideSolutionNode = FALSE
	EndGlobalSection
	GlobalSection(ExtensibilityGlobals) = postSolution
		SolutionGuid = {6F4842EA-6F7E-4260-A224-1CBE49F04C37}
	EndGlobalSection
EndGlobal
